
Microsoft Visual Studio Solution File, Format Version 11.00
# Visual Studio 2010
Project("{FAE04EC0-301F-11D3-BF4B-00C04F79EFBC}") = "Assembly-CSharp", "Assembly-CSharp.csproj", "{0228fe05-df57-f054-a9f8-d3cb0f6c9670}"
EndProject
Project("{FAE04EC0-301F-11D3-BF4B-00C04F79EFBC}") = "Ultraleap.Tracking.Core", "Ultraleap.Tracking.Core.csproj", "{0dc6f005-7200-8fd8-76b6-8c9c580762fd}"
EndProject
Project("{FAE04EC0-301F-11D3-BF4B-00C04F79EFBC}") = "LeapMotion.LeapCSharp", "LeapMotion.LeapCSharp.csproj", "{e78a6328-276c-2e00-369f-656f26015e5a}"
EndProject
Project("{FAE04EC0-301F-11D3-BF4B-00C04F79EFBC}") = "Ultraleap.Tracking.InteractionEngine", "Ultraleap.Tracking.InteractionEngine.csproj", "{da120e5f-58e6-abdf-ad57-784061a485f1}"
EndProject
Project("{FAE04EC0-301F-11D3-BF4B-00C04F79EFBC}") = "Ultraleap.Tracking.Hands", "Ultraleap.Tracking.Hands.csproj", "{96cf35c1-cc5c-a34a-5cb7-8a163ecd1440}"
EndProject
Project("{FAE04EC0-301F-11D3-BF4B-00C04F79EFBC}") = "Ultraleap.Tracking.Core.Editor", "Ultraleap.Tracking.Core.Editor.csproj", "{215c2982-ce64-4745-aa18-b0f7e02a6992}"
EndProject
Project("{FAE04EC0-301F-11D3-BF4B-00C04F79EFBC}") = "Ultraleap.Tracking.InteractionEngine.Editor", "Ultraleap.Tracking.InteractionEngine.Editor.csproj", "{ed9f2966-2f76-1425-1b2b-561132738d03}"
EndProject
Project("{FAE04EC0-301F-11D3-BF4B-00C04F79EFBC}") = "Ultraleap.Tracking.Core.Editor.Tests", "Ultraleap.Tracking.Core.Editor.Tests.csproj", "{63a91611-23bd-4d25-b255-456b4edb6d08}"
EndProject
Project("{FAE04EC0-301F-11D3-BF4B-00C04F79EFBC}") = "Assembly-CSharp-Editor", "Assembly-CSharp-Editor.csproj", "{06d6de19-529b-0c21-67ba-291ecc780782}"
EndProject
Project("{FAE04EC0-301F-11D3-BF4B-00C04F79EFBC}") = "Ultraleap.Tracking.Hands.Editor", "Ultraleap.Tracking.Hands.Editor.csproj", "{92890379-ad2b-e3b1-380a-5cd3a4e1742f}"
EndProject
Global
	GlobalSection(SolutionConfigurationPlatforms) = preSolution
		Debug|Any CPU = Debug|Any CPU
	EndGlobalSection
	GlobalSection(ProjectConfigurationPlatforms) = postSolution
		{0228fe05-df57-f054-a9f8-d3cb0f6c9670}.Debug|Any CPU.ActiveCfg = Debug|Any CPU
		{0228fe05-df57-f054-a9f8-d3cb0f6c9670}.Debug|Any CPU.Build.0 = Debug|Any CPU
		{0dc6f005-7200-8fd8-76b6-8c9c580762fd}.Debug|Any CPU.ActiveCfg = Debug|Any CPU
		{0dc6f005-7200-8fd8-76b6-8c9c580762fd}.Debug|Any CPU.Build.0 = Debug|Any CPU
		{e78a6328-276c-2e00-369f-656f26015e5a}.Debug|Any CPU.ActiveCfg = Debug|Any CPU
		{e78a6328-276c-2e00-369f-656f26015e5a}.Debug|Any CPU.Build.0 = Debug|Any CPU
		{da120e5f-58e6-abdf-ad57-784061a485f1}.Debug|Any CPU.ActiveCfg = Debug|Any CPU
		{da120e5f-58e6-abdf-ad57-784061a485f1}.Debug|Any CPU.Build.0 = Debug|Any CPU
		{96cf35c1-cc5c-a34a-5cb7-8a163ecd1440}.Debug|Any CPU.ActiveCfg = Debug|Any CPU
		{96cf35c1-cc5c-a34a-5cb7-8a163ecd1440}.Debug|Any CPU.Build.0 = Debug|Any CPU
		{215c2982-ce64-4745-aa18-b0f7e02a6992}.Debug|Any CPU.ActiveCfg = Debug|Any CPU
		{215c2982-ce64-4745-aa18-b0f7e02a6992}.Debug|Any CPU.Build.0 = Debug|Any CPU
		{ed9f2966-2f76-1425-1b2b-561132738d03}.Debug|Any CPU.ActiveCfg = Debug|Any CPU
		{ed9f2966-2f76-1425-1b2b-561132738d03}.Debug|Any CPU.Build.0 = Debug|Any CPU
		{63a91611-23bd-4d25-b255-456b4edb6d08}.Debug|Any CPU.ActiveCfg = Debug|Any CPU
		{63a91611-23bd-4d25-b255-456b4edb6d08}.Debug|Any CPU.Build.0 = Debug|Any CPU
		{06d6de19-529b-0c21-67ba-291ecc780782}.Debug|Any CPU.ActiveCfg = Debug|Any CPU
		{06d6de19-529b-0c21-67ba-291ecc780782}.Debug|Any CPU.Build.0 = Debug|Any CPU
		{92890379-ad2b-e3b1-380a-5cd3a4e1742f}.Debug|Any CPU.ActiveCfg = Debug|Any CPU
		{92890379-ad2b-e3b1-380a-5cd3a4e1742f}.Debug|Any CPU.Build.0 = Debug|Any CPU
	EndGlobalSection
	GlobalSection(SolutionProperties) = preSolution
		HideSolutionNode = FALSE
	EndGlobalSection
EndGlobal
